
Microsoft Visual Studio Solution File, Format Version 12.00
# Visual Studio 15
VisualStudioVersion = 15.0.27130.2027
MinimumVisualStudioVersion = 10.0.40219.1
Project("{E24C65DC-7377-472B-9ABA-BC803B73C61A}") = "Documoto", "Documoto\", "{8A07198C-ECC6-45B0-AD88-4CA001B901FA}"
	ProjectSection(WebsiteProperties) = preProject
		TargetFrameworkMoniker = ".NETFramework,Version%3Dv4.6.1"
		Debug.AspNetCompiler.VirtualPath = "/localhost_61603"
		Debug.AspNetCompiler.PhysicalPath = "Documoto\"
		Debug.AspNetCompiler.TargetPath = "PrecompiledWeb\localhost_61603\"
		Debug.AspNetCompiler.Updateable = "true"
		Debug.AspNetCompiler.ForceOverwrite = "true"
		Debug.AspNetCompiler.FixedNames = "false"
		Debug.AspNetCompiler.Debug = "True"
		Release.AspNetCompiler.VirtualPath = "/localhost_61603"
		Release.AspNetCompiler.PhysicalPath = "Documoto\"
		Release.AspNetCompiler.TargetPath = "PrecompiledWeb\localhost_61603\"
		Release.AspNetCompiler.Updateable = "true"
		Release.AspNetCompiler.ForceOverwrite = "true"
		Release.AspNetCompiler.FixedNames = "false"
		Release.AspNetCompiler.Debug = "False"
		VWDPort = "61603"
		SlnRelativePath = "Documoto\"
		DefaultWebSiteLanguage = "Visual C#"
	EndProjectSection
EndProject
Project("{FAE04EC0-301F-11D3-BF4B-00C04F79EFBC}") = "DocumotoAPICore", "DocumotoAPICore\DocumotoAPICore.csproj", "{2FAF233C-D6F9-45A0-ACD2-DD42692BECC4}"
EndProject
Global
	GlobalSection(SolutionConfigurationPlatforms) = preSolution
		Debug|Any CPU = Debug|Any CPU
		Release|Any CPU = Release|Any CPU
	EndGlobalSection
	GlobalSection(ProjectConfigurationPlatforms) = postSolution
		{8A07198C-ECC6-45B0-AD88-4CA001B901FA}.Debug|Any CPU.ActiveCfg = Debug|Any CPU
		{8A07198C-ECC6-45B0-AD88-4CA001B901FA}.Debug|Any CPU.Build.0 = Debug|Any CPU
		{8A07198C-ECC6-45B0-AD88-4CA001B901FA}.Release|Any CPU.ActiveCfg = Debug|Any CPU
		{8A07198C-ECC6-45B0-AD88-4CA001B901FA}.Release|Any CPU.Build.0 = Debug|Any CPU
		{2FAF233C-D6F9-45A0-ACD2-DD42692BECC4}.Debug|Any CPU.ActiveCfg = Debug|Any CPU
		{2FAF233C-D6F9-45A0-ACD2-DD42692BECC4}.Debug|Any CPU.Build.0 = Debug|Any CPU
		{2FAF233C-D6F9-45A0-ACD2-DD42692BECC4}.Release|Any CPU.ActiveCfg = Release|Any CPU
		{2FAF233C-D6F9-45A0-ACD2-DD42692BECC4}.Release|Any CPU.Build.0 = Release|Any CPU
	EndGlobalSection
	GlobalSection(SolutionProperties) = preSolution
		HideSolutionNode = FALSE
	EndGlobalSection
	GlobalSection(ExtensibilityGlobals) = postSolution
		SolutionGuid = {D941D8BC-D58B-4392-BC41-AA8413A096F5}
	EndGlobalSection
EndGlobal
